
Microsoft Visual Studio Solution File, Format Version 12.00
# Visual Studio Version 16
VisualStudioVersion = 16.0.31205.134
MinimumVisualStudioVersion = 10.0.40219.1
Project("{FAE04EC0-301F-11D3-BF4B-00C04F79EFBC}") = "H22", "H22.csproj", "{61F277F3-DDA5-442C-A6D7-1699457BC3AB}"
EndProject
Global
	GlobalSection(SolutionConfigurationPlatforms) = preSolution
		Debug|Any CPU = Debug|Any CPU
		Release|Any CPU = Release|Any CPU
	EndGlobalSection
	GlobalSection(ProjectConfigurationPlatforms) = postSolution
		{61F277F3-DDA5-442C-A6D7-1699457BC3AB}.Debug|Any CPU.ActiveCfg = Debug|Any CPU
		{61F277F3-DDA5-442C-A6D7-1699457BC3AB}.Debug|Any CPU.Build.0 = Debug|Any CPU
		{61F277F3-DDA5-442C-A6D7-1699457BC3AB}.Release|Any CPU.ActiveCfg = Release|Any CPU
		{61F277F3-DDA5-442C-A6D7-1699457BC3AB}.Release|Any CPU.Build.0 = Release|Any CPU
	EndGlobalSection
	GlobalSection(SolutionProperties) = preSolution
		HideSolutionNode = FALSE
	EndGlobalSection
	GlobalSection(ExtensibilityGlobals) = postSolution
		SolutionGuid = {3AD4175A-4BDF-4289-80AE-4DFA321850BD}
	EndGlobalSection
EndGlobal
